
Microsoft Visual Studio Solution File, Format Version 12.00
# Visual Studio Version 17
VisualStudioVersion = 17.4.33205.214
MinimumVisualStudioVersion = 10.0.40219.1
Project("{888888A0-9F3D-457C-B088-3A5042F75D52}") = "GFN_Python", "GFN_Python\GFN_Python.pyproj", "{2F4AB251-C8CF-4942-9632-E88ECF6762DB}"
EndProject
Global
	GlobalSection(SolutionConfigurationPlatforms) = preSolution
		Debug|Any CPU = Debug|Any CPU
		Release|Any CPU = Release|Any CPU
	EndGlobalSection
	GlobalSection(ProjectConfigurationPlatforms) = postSolution
		{2F4AB251-C8CF-4942-9632-E88ECF6762DB}.Debug|Any CPU.ActiveCfg = Debug|Any CPU
		{2F4AB251-C8CF-4942-9632-E88ECF6762DB}.Release|Any CPU.ActiveCfg = Release|Any CPU
	EndGlobalSection
	GlobalSection(SolutionProperties) = preSolution
		HideSolutionNode = FALSE
	EndGlobalSection
	GlobalSection(ExtensibilityGlobals) = postSolution
		SolutionGuid = {69839876-4859-4795-A8BC-0E2CC84E379E}
	EndGlobalSection
EndGlobal
